
Microsoft Visual Studio Solution File, Format Version 12.00
# Visual Studio Version 16
VisualStudioVersion = 16.0.30717.126
MinimumVisualStudioVersion = 10.0.40219.1
Project("{FAE04EC0-301F-11D3-BF4B-00C04F79EFBC}") = "ECommerce_Application", "ECommerce_Application.csproj", "{73056B9A-564A-4BED-BA36-50DC3A11728B}"
EndProject
Project("{FAE04EC0-301F-11D3-BF4B-00C04F79EFBC}") = "ECommerce_Application.Test", "..\ECommerce_Application.Test\ECommerce_Application.Test.csproj", "{21D61A4B-D931-46EB-9067-64C38F3B8690}"
EndProject
Global
	GlobalSection(SolutionConfigurationPlatforms) = preSolution
		Debug|Any CPU = Debug|Any CPU
		Release|Any CPU = Release|Any CPU
	EndGlobalSection
	GlobalSection(ProjectConfigurationPlatforms) = postSolution
		{73056B9A-564A-4BED-BA36-50DC3A11728B}.Debug|Any CPU.ActiveCfg = Debug|Any CPU
		{73056B9A-564A-4BED-BA36-50DC3A11728B}.Debug|Any CPU.Build.0 = Debug|Any CPU
		{73056B9A-564A-4BED-BA36-50DC3A11728B}.Release|Any CPU.ActiveCfg = Release|Any CPU
		{73056B9A-564A-4BED-BA36-50DC3A11728B}.Release|Any CPU.Build.0 = Release|Any CPU
		{21D61A4B-D931-46EB-9067-64C38F3B8690}.Debug|Any CPU.ActiveCfg = Debug|Any CPU
		{21D61A4B-D931-46EB-9067-64C38F3B8690}.Debug|Any CPU.Build.0 = Debug|Any CPU
		{21D61A4B-D931-46EB-9067-64C38F3B8690}.Release|Any CPU.ActiveCfg = Release|Any CPU
		{21D61A4B-D931-46EB-9067-64C38F3B8690}.Release|Any CPU.Build.0 = Release|Any CPU
	EndGlobalSection
	GlobalSection(SolutionProperties) = preSolution
		HideSolutionNode = FALSE
	EndGlobalSection
	GlobalSection(ExtensibilityGlobals) = postSolution
		SolutionGuid = {85E377AC-EA5F-41ED-A5A2-C06B8A51E2D0}
	EndGlobalSection
EndGlobal
